
Microsoft Visual Studio Solution File, Format Version 12.00
# Visual Studio 2012
Project("{FAE04EC0-301F-11D3-BF4B-00C04F79EFBC}") = "performance_measure", "performance_measure\performance_measure.csproj", "{3B458E24-FF2E-4C42-BA09-CFE81C753B44}"
EndProject
Global
	GlobalSection(SolutionConfigurationPlatforms) = preSolution
		Debug|x86 = Debug|x86
		Release|x86 = Release|x86
	EndGlobalSection
	GlobalSection(ProjectConfigurationPlatforms) = postSolution
		{3B458E24-FF2E-4C42-BA09-CFE81C753B44}.Debug|x86.ActiveCfg = Debug|x86
		{3B458E24-FF2E-4C42-BA09-CFE81C753B44}.Debug|x86.Build.0 = Debug|x86
		{3B458E24-FF2E-4C42-BA09-CFE81C753B44}.Release|x86.ActiveCfg = Release|x86
		{3B458E24-FF2E-4C42-BA09-CFE81C753B44}.Release|x86.Build.0 = Release|x86
	EndGlobalSection
	GlobalSection(MonoDevelopProperties) = preSolution
		StartupItem = performance_measure\performance_measure.csproj
	EndGlobalSection
EndGlobal
