
Microsoft Visual Studio Solution File, Format Version 12.00
# Visual Studio 2012
Project("{FAE04EC0-301F-11D3-BF4B-00C04F79EFBC}") = "TreeViewLessGtk", "TreeViewLessGtk.csproj", "{2920E57C-13A5-4487-B77A-D587E0C83A95}"
EndProject
Global
	GlobalSection(SolutionConfigurationPlatforms) = preSolution
		Debug|x86 = Debug|x86
		Release|x86 = Release|x86
	EndGlobalSection
	GlobalSection(ProjectConfigurationPlatforms) = postSolution
		{2920E57C-13A5-4487-B77A-D587E0C83A95}.Debug|x86.ActiveCfg = Debug|x86
		{2920E57C-13A5-4487-B77A-D587E0C83A95}.Debug|x86.Build.0 = Debug|x86
		{2920E57C-13A5-4487-B77A-D587E0C83A95}.Release|x86.ActiveCfg = Release|x86
		{2920E57C-13A5-4487-B77A-D587E0C83A95}.Release|x86.Build.0 = Release|x86
	EndGlobalSection
EndGlobal
