
Microsoft Visual Studio Solution File, Format Version 12.00
# Visual Studio 2012
Project("{FAE04EC0-301F-11D3-BF4B-00C04F79EFBC}") = "HeroQuest", "HeroQuest.csproj", "{1CE772E6-FDD1-4396-9AE3-2920C3760244}"
EndProject
Global
	GlobalSection(SolutionConfigurationPlatforms) = preSolution
		Debug|x86 = Debug|x86
		Release|x86 = Release|x86
	EndGlobalSection
	GlobalSection(ProjectConfigurationPlatforms) = postSolution
		{1CE772E6-FDD1-4396-9AE3-2920C3760244}.Debug|x86.ActiveCfg = Debug|x86
		{1CE772E6-FDD1-4396-9AE3-2920C3760244}.Debug|x86.Build.0 = Debug|x86
		{1CE772E6-FDD1-4396-9AE3-2920C3760244}.Release|x86.ActiveCfg = Release|x86
		{1CE772E6-FDD1-4396-9AE3-2920C3760244}.Release|x86.Build.0 = Release|x86
	EndGlobalSection
EndGlobal
