
Microsoft Visual Studio Solution File, Format Version 12.00
# Visual Studio 2012
Project("{FAE04EC0-301F-11D3-BF4B-00C04F79EFBC}") = "gui_switch", "gui_switch.csproj", "{3C6EE938-127B-4F8C-950B-0EB03F21E27F}"
EndProject
Global
	GlobalSection(SolutionConfigurationPlatforms) = preSolution
		Debug|x86 = Debug|x86
		Release|x86 = Release|x86
	EndGlobalSection
	GlobalSection(ProjectConfigurationPlatforms) = postSolution
		{3C6EE938-127B-4F8C-950B-0EB03F21E27F}.Debug|x86.ActiveCfg = Debug|x86
		{3C6EE938-127B-4F8C-950B-0EB03F21E27F}.Debug|x86.Build.0 = Debug|x86
		{3C6EE938-127B-4F8C-950B-0EB03F21E27F}.Release|x86.ActiveCfg = Release|x86
		{3C6EE938-127B-4F8C-950B-0EB03F21E27F}.Release|x86.Build.0 = Release|x86
	EndGlobalSection
EndGlobal
